// !$*UTF8*$!
{
	archiveVersion = 1;
	classes = {
	};
	objectVersion = 48;
	objects = {

/* Begin PBXBuildFile section */
		47C17DD00A8B5173896877BB /* Pods_Testbed.framework in Frameworks */ = {isa = PBXBuildFile; fileRef = A09FB51CC267F9B01B30CB55 /* Pods_Testbed.framework */; };
		8596A75C2069B98300B36531 /* AppDelegate.swift in Sources */ = {isa = PBXBuildFile; fileRef = 8596A75B2069B98300B36531 /* AppDelegate.swift */; };
		8596A75E2069B98300B36531 /* Assets.xcassets in Resources */ = {isa = PBXBuildFile; fileRef = 8596A75D2069B98300B36531 /* Assets.xcassets */; };
		8596A7612069B98300B36531 /* MainMenu.xib in Resources */ = {isa = PBXBuildFile; fileRef = 8596A75F2069B98300B36531 /* MainMenu.xib */; };
		8596A76D2069B98400B36531 /* TestbedTests.swift in Sources */ = {isa = PBXBuildFile; fileRef = 8596A76C2069B98400B36531 /* TestbedTests.swift */; };
		85BF82932069BE930048A17B /* request.swift in Sources */ = {isa = PBXBuildFile; fileRef = 85BF828F2069BE920048A17B /* request.swift */; };
		85BF82952069BE930048A17B /* output.swift in Sources */ = {isa = PBXBuildFile; fileRef = 85BF82912069BE930048A17B /* output.swift */; };
		85BF82962069BE930048A17B /* static.swift in Sources */ = {isa = PBXBuildFile; fileRef = 85BF82922069BE930048A17B /* static.swift */; };
/* End PBXBuildFile section */

/* Begin PBXContainerItemProxy section */
		8596A7692069B98400B36531 /* PBXContainerItemProxy */ = {
			isa = PBXContainerItemProxy;
			containerPortal = 8596A7502069B98300B36531 /* Project object */;
			proxyType = 1;
			remoteGlobalIDString = 8596A7572069B98300B36531;
			remoteInfo = Testbed;
		};
/* End PBXContainerItemProxy section */

/* Begin PBXFileReference section */
		4457D1FF364495C00FBFCD2D /* Pods-Testbed.release.xcconfig */ = {isa = PBXFileReference; includeInIndex = 1; lastKnownFileType = text.xcconfig; name = "Pods-Testbed.release.xcconfig"; path = "Pods/Target Support Files/Pods-Testbed/Pods-Testbed.release.xcconfig"; sourceTree = "<group>"; };
		54636AD32B18B8AA07CF0301 /* Pods-Testbed.debug.xcconfig */ = {isa = PBXFileReference; includeInIndex = 1; lastKnownFileType = text.xcconfig; name = "Pods-Testbed.debug.xcconfig"; path = "Pods/Target Support Files/Pods-Testbed/Pods-Testbed.debug.xcconfig"; sourceTree = "<group>"; };
		8596A7582069B98300B36531 /* Testbed.app */ = {isa = PBXFileReference; explicitFileType = wrapper.application; includeInIndex = 0; path = Testbed.app; sourceTree = BUILT_PRODUCTS_DIR; };
		8596A75B2069B98300B36531 /* AppDelegate.swift */ = {isa = PBXFileReference; lastKnownFileType = sourcecode.swift; path = AppDelegate.swift; sourceTree = "<group>"; };
		8596A75D2069B98300B36531 /* Assets.xcassets */ = {isa = PBXFileReference; lastKnownFileType = folder.assetcatalog; path = Assets.xcassets; sourceTree = "<group>"; };
		8596A7602069B98300B36531 /* Base */ = {isa = PBXFileReference; lastKnownFileType = file.xib; name = Base; path = Base.lproj/MainMenu.xib; sourceTree = "<group>"; };
		8596A7622069B98300B36531 /* Info.plist */ = {isa = PBXFileReference; lastKnownFileType = text.plist.xml; path = Info.plist; sourceTree = "<group>"; };
		8596A7632069B98300B36531 /* Testbed.entitlements */ = {isa = PBXFileReference; lastKnownFileType = text.plist.entitlements; path = Testbed.entitlements; sourceTree = "<group>"; };
		8596A7682069B98400B36531 /* TestbedTests.xctest */ = {isa = PBXFileReference; explicitFileType = wrapper.cfbundle; includeInIndex = 0; path = TestbedTests.xctest; sourceTree = BUILT_PRODUCTS_DIR; };
		8596A76C2069B98400B36531 /* TestbedTests.swift */ = {isa = PBXFileReference; lastKnownFileType = sourcecode.swift; path = TestbedTests.swift; sourceTree = "<group>"; };
		8596A76E2069B98400B36531 /* Info.plist */ = {isa = PBXFileReference; lastKnownFileType = text.plist.xml; path = Info.plist; sourceTree = "<group>"; };
		85BF828F2069BE920048A17B /* request.swift */ = {isa = PBXFileReference; fileEncoding = 4; lastKnownFileType = sourcecode.swift; path = request.swift; sourceTree = "<group>"; };
		85BF82912069BE930048A17B /* output.swift */ = {isa = PBXFileReference; fileEncoding = 4; lastKnownFileType = sourcecode.swift; path = output.swift; sourceTree = "<group>"; };
		85BF82922069BE930048A17B /* static.swift */ = {isa = PBXFileReference; fileEncoding = 4; lastKnownFileType = sourcecode.swift; path = static.swift; sourceTree = "<group>"; };
		A09FB51CC267F9B01B30CB55 /* Pods_Testbed.framework */ = {isa = PBXFileReference; explicitFileType = wrapper.framework; includeInIndex = 0; path = Pods_Testbed.framework; sourceTree = BUILT_PRODUCTS_DIR; };
/* End PBXFileReference section */

/* Begin PBXFrameworksBuildPhase section */
		8596A7552069B98300B36531 /* Frameworks */ = {
			isa = PBXFrameworksBuildPhase;
			buildActionMask = 2147483647;
			files = (
				47C17DD00A8B5173896877BB /* Pods_Testbed.framework in Frameworks */,
			);
			runOnlyForDeploymentPostprocessing = 0;
		};
		8596A7652069B98400B36531 /* Frameworks */ = {
			isa = PBXFrameworksBuildPhase;
			buildActionMask = 2147483647;
			files = (
			);
			runOnlyForDeploymentPostprocessing = 0;
		};
/* End PBXFrameworksBuildPhase section */

/* Begin PBXGroup section */
		5C2C4ADF88B5C7A151C5FEA4 /* Frameworks */ = {
			isa = PBXGroup;
			children = (
				A09FB51CC267F9B01B30CB55 /* Pods_Testbed.framework */,
			);
			name = Frameworks;
			sourceTree = "<group>";
		};
		8596A74F2069B98300B36531 = {
			isa = PBXGroup;
			children = (
				8596A75A2069B98300B36531 /* Testbed */,
				8596A76B2069B98400B36531 /* TestbedTests */,
				8596A7592069B98300B36531 /* Products */,
				C91A9FAC6074FD2A184A2E09 /* Pods */,
				5C2C4ADF88B5C7A151C5FEA4 /* Frameworks */,
			);
			sourceTree = "<group>";
		};
		8596A7592069B98300B36531 /* Products */ = {
			isa = PBXGroup;
			children = (
				8596A7582069B98300B36531 /* Testbed.app */,
				8596A7682069B98400B36531 /* TestbedTests.xctest */,
			);
			name = Products;
			sourceTree = "<group>";
		};
		8596A75A2069B98300B36531 /* Testbed */ = {
			isa = PBXGroup;
			children = (
				85BF82912069BE930048A17B /* output.swift */,
				85BF828F2069BE920048A17B /* request.swift */,
				85BF82922069BE930048A17B /* static.swift */,
				8596A75B2069B98300B36531 /* AppDelegate.swift */,
				8596A75D2069B98300B36531 /* Assets.xcassets */,
				8596A75F2069B98300B36531 /* MainMenu.xib */,
				8596A7622069B98300B36531 /* Info.plist */,
				8596A7632069B98300B36531 /* Testbed.entitlements */,
			);
			path = Testbed;
			sourceTree = "<group>";
		};
		8596A76B2069B98400B36531 /* TestbedTests */ = {
			isa = PBXGroup;
			children = (
				8596A76C2069B98400B36531 /* TestbedTests.swift */,
				8596A76E2069B98400B36531 /* Info.plist */,
			);
			path = TestbedTests;
			sourceTree = "<group>";
		};
		C91A9FAC6074FD2A184A2E09 /* Pods */ = {
			isa = PBXGroup;
			children = (
				54636AD32B18B8AA07CF0301 /* Pods-Testbed.debug.xcconfig */,
				4457D1FF364495C00FBFCD2D /* Pods-Testbed.release.xcconfig */,
			);
			name = Pods;
			sourceTree = "<group>";
		};
/* End PBXGroup section */

/* Begin PBXNativeTarget section */
		8596A7572069B98300B36531 /* Testbed */ = {
			isa = PBXNativeTarget;
			buildConfigurationList = 8596A7712069B98400B36531 /* Build configuration list for PBXNativeTarget "Testbed" */;
			buildPhases = (
				6BBAB52B978D08C35CAD7B69 /* [CP] Check Pods Manifest.lock */,
				8596A7542069B98300B36531 /* Sources */,
				8596A7552069B98300B36531 /* Frameworks */,
				8596A7562069B98300B36531 /* Resources */,
				924F438C352B880FFB7FEDEB /* [CP] Embed Pods Frameworks */,
				A9C1DFAD7A5837EC70E65CA3 /* [CP] Copy Pods Resources */,
			);
			buildRules = (
			);
			dependencies = (
			);
			name = Testbed;
			productName = Testbed;
			productReference = 8596A7582069B98300B36531 /* Testbed.app */;
			productType = "com.apple.product-type.application";
		};
		8596A7672069B98400B36531 /* TestbedTests */ = {
			isa = PBXNativeTarget;
			buildConfigurationList = 8596A7742069B98400B36531 /* Build configuration list for PBXNativeTarget "TestbedTests" */;
			buildPhases = (
				8596A7642069B98400B36531 /* Sources */,
				8596A7652069B98400B36531 /* Frameworks */,
				8596A7662069B98400B36531 /* Resources */,
			);
			buildRules = (
			);
			dependencies = (
				8596A76A2069B98400B36531 /* PBXTargetDependency */,
			);
			name = TestbedTests;
			productName = TestbedTests;
			productReference = 8596A7682069B98400B36531 /* TestbedTests.xctest */;
			productType = "com.apple.product-type.bundle.unit-test";
		};
/* End PBXNativeTarget section */

/* Begin PBXProject section */
		8596A7502069B98300B36531 /* Project object */ = {
			isa = PBXProject;
			attributes = {
				LastSwiftUpdateCheck = 0920;
				LastUpgradeCheck = 0920;
				ORGANIZATIONNAME = "Griffin Schneider";
				TargetAttributes = {
					8596A7572069B98300B36531 = {
						CreatedOnToolsVersion = 9.2;
						ProvisioningStyle = Automatic;
					};
					8596A7672069B98400B36531 = {
						CreatedOnToolsVersion = 9.2;
						ProvisioningStyle = Automatic;
						TestTargetID = 8596A7572069B98300B36531;
					};
				};
			};
			buildConfigurationList = 8596A7532069B98300B36531 /* Build configuration list for PBXProject "Testbed" */;
			compatibilityVersion = "Xcode 8.0";
			developmentRegion = en;
			hasScannedForEncodings = 0;
			knownRegions = (
				en,
				Base,
			);
			mainGroup = 8596A74F2069B98300B36531;
			productRefGroup = 8596A7592069B98300B36531 /* Products */;
			projectDirPath = "";
			projectRoot = "";
			targets = (
				8596A7572069B98300B36531 /* Testbed */,
				8596A7672069B98400B36531 /* TestbedTests */,
			);
		};
/* End PBXProject section */

/* Begin PBXResourcesBuildPhase section */
		8596A7562069B98300B36531 /* Resources */ = {
			isa = PBXResourcesBuildPhase;
			buildActionMask = 2147483647;
			files = (
				8596A75E2069B98300B36531 /* Assets.xcassets in Resources */,
				8596A7612069B98300B36531 /* MainMenu.xib in Resources */,
			);
			runOnlyForDeploymentPostprocessing = 0;
		};
		8596A7662069B98400B36531 /* Resources */ = {
			isa = PBXResourcesBuildPhase;
			buildActionMask = 2147483647;
			files = (
			);
			runOnlyForDeploymentPostprocessing = 0;
		};
/* End PBXResourcesBuildPhase section */

/* Begin PBXShellScriptBuildPhase section */
		6BBAB52B978D08C35CAD7B69 /* [CP] Check Pods Manifest.lock */ = {
			isa = PBXShellScriptBuildPhase;
			buildActionMask = 2147483647;
			files = (
			);
			inputPaths = (
				"${PODS_PODFILE_DIR_PATH}/Podfile.lock",
				"${PODS_ROOT}/Manifest.lock",
			);
			name = "[CP] Check Pods Manifest.lock";
			outputPaths = (
				"$(DERIVED_FILE_DIR)/Pods-Testbed-checkManifestLockResult.txt",
			);
			runOnlyForDeploymentPostprocessing = 0;
			shellPath = /bin/sh;
			shellScript = "diff \"${PODS_PODFILE_DIR_PATH}/Podfile.lock\" \"${PODS_ROOT}/Manifest.lock\" > /dev/null\nif [ $? != 0 ] ; then\n    # print error to STDERR\n    echo \"error: The sandbox is not in sync with the Podfile.lock. Run 'pod install' or update your CocoaPods installation.\" >&2\n    exit 1\nfi\n# This output is used by Xcode 'outputs' to avoid re-running this script phase.\necho \"SUCCESS\" > \"${SCRIPT_OUTPUT_FILE_0}\"\n";
			showEnvVarsInLog = 0;
		};
		924F438C352B880FFB7FEDEB /* [CP] Embed Pods Frameworks */ = {
			isa = PBXShellScriptBuildPhase;
			buildActionMask = 2147483647;
			files = (
			);
			inputPaths = (
				"${SRCROOT}/Pods/Target Support Files/Pods-Testbed/Pods-Testbed-frameworks.sh",
				"${BUILT_PRODUCTS_DIR}/Alamofire/Alamofire.framework",
			);
			name = "[CP] Embed Pods Frameworks";
			outputPaths = (
				"${TARGET_BUILD_DIR}/${FRAMEWORKS_FOLDER_PATH}/Alamofire.framework",
			);
			runOnlyForDeploymentPostprocessing = 0;
			shellPath = /bin/sh;
			shellScript = "\"${SRCROOT}/Pods/Target Support Files/Pods-Testbed/Pods-Testbed-frameworks.sh\"\n";
			showEnvVarsInLog = 0;
		};
		A9C1DFAD7A5837EC70E65CA3 /* [CP] Copy Pods Resources */ = {
			isa = PBXShellScriptBuildPhase;
			buildActionMask = 2147483647;
			files = (
			);
			inputPaths = (
			);
			name = "[CP] Copy Pods Resources";
			outputPaths = (
			);
			runOnlyForDeploymentPostprocessing = 0;
			shellPath = /bin/sh;
			shellScript = "\"${SRCROOT}/Pods/Target Support Files/Pods-Testbed/Pods-Testbed-resources.sh\"\n";
			showEnvVarsInLog = 0;
		};
/* End PBXShellScriptBuildPhase section */

/* Begin PBXSourcesBuildPhase section */
		8596A7542069B98300B36531 /* Sources */ = {
			isa = PBXSourcesBuildPhase;
			buildActionMask = 2147483647;
			files = (
				85BF82952069BE930048A17B /* output.swift in Sources */,
				8596A75C2069B98300B36531 /* AppDelegate.swift in Sources */,
				85BF82932069BE930048A17B /* request.swift in Sources */,
				85BF82962069BE930048A17B /* static.swift in Sources */,
			);
			runOnlyForDeploymentPostprocessing = 0;
		};
		8596A7642069B98400B36531 /* Sources */ = {
			isa = PBXSourcesBuildPhase;
			buildActionMask = 2147483647;
			files = (
				8596A76D2069B98400B36531 /* TestbedTests.swift in Sources */,
			);
			runOnlyForDeploymentPostprocessing = 0;
		};
/* End PBXSourcesBuildPhase section */

/* Begin PBXTargetDependency section */
		8596A76A2069B98400B36531 /* PBXTargetDependency */ = {
			isa = PBXTargetDependency;
			target = 8596A7572069B98300B36531 /* Testbed */;
			targetProxy = 8596A7692069B98400B36531 /* PBXContainerItemProxy */;
		};
/* End PBXTargetDependency section */

/* Begin PBXVariantGroup section */
		8596A75F2069B98300B36531 /* MainMenu.xib */ = {
			isa = PBXVariantGroup;
			children = (
				8596A7602069B98300B36531 /* Base */,
			);
			name = MainMenu.xib;
			sourceTree = "<group>";
		};
/* End PBXVariantGroup section */

/* Begin XCBuildConfiguration section */
		8596A76F2069B98400B36531 /* Debug */ = {
			isa = XCBuildConfiguration;
			buildSettings = {
				ALWAYS_SEARCH_USER_PATHS = NO;
				CLANG_ANALYZER_NONNULL = YES;
				CLANG_ANALYZER_NUMBER_OBJECT_CONVERSION = YES_AGGRESSIVE;
				CLANG_CXX_LANGUAGE_STANDARD = "gnu++14";
				CLANG_CXX_LIBRARY = "libc++";
				CLANG_ENABLE_MODULES = YES;
				CLANG_ENABLE_OBJC_ARC = YES;
				CLANG_WARN_BLOCK_CAPTURE_AUTORELEASING = YES;
				CLANG_WARN_BOOL_CONVERSION = YES;
				CLANG_WARN_COMMA = YES;
				CLANG_WARN_CONSTANT_CONVERSION = YES;
				CLANG_WARN_DIRECT_OBJC_ISA_USAGE = YES_ERROR;
				CLANG_WARN_DOCUMENTATION_COMMENTS = YES;
				CLANG_WARN_EMPTY_BODY = YES;
				CLANG_WARN_ENUM_CONVERSION = YES;
				CLANG_WARN_INFINITE_RECURSION = YES;
				CLANG_WARN_INT_CONVERSION = YES;
				CLANG_WARN_NON_LITERAL_NULL_CONVERSION = YES;
				CLANG_WARN_OBJC_LITERAL_CONVERSION = YES;
				CLANG_WARN_OBJC_ROOT_CLASS = YES_ERROR;
				CLANG_WARN_RANGE_LOOP_ANALYSIS = YES;
				CLANG_WARN_STRICT_PROTOTYPES = YES;
				CLANG_WARN_SUSPICIOUS_MOVE = YES;
				CLANG_WARN_UNGUARDED_AVAILABILITY = YES_AGGRESSIVE;
				CLANG_WARN_UNREACHABLE_CODE = YES;
				CLANG_WARN__DUPLICATE_METHOD_MATCH = YES;
				CODE_SIGN_IDENTITY = "-";
				COPY_PHASE_STRIP = NO;
				DEBUG_INFORMATION_FORMAT = dwarf;
				ENABLE_STRICT_OBJC_MSGSEND = YES;
				ENABLE_TESTABILITY = YES;
				GCC_C_LANGUAGE_STANDARD = gnu11;
				GCC_DYNAMIC_NO_PIC = NO;
				GCC_NO_COMMON_BLOCKS = YES;
				GCC_OPTIMIZATION_LEVEL = 0;
				GCC_PREPROCESSOR_DEFINITIONS = (
					"DEBUG=1",
					"$(inherited)",
				);
				GCC_WARN_64_TO_32_BIT_CONVERSION = YES;
				GCC_WARN_ABOUT_RETURN_TYPE = YES_ERROR;
				GCC_WARN_UNDECLARED_SELECTOR = YES;
				GCC_WARN_UNINITIALIZED_AUTOS = YES_AGGRESSIVE;
				GCC_WARN_UNUSED_FUNCTION = YES;
				GCC_WARN_UNUSED_VARIABLE = YES;
				MACOSX_DEPLOYMENT_TARGET = 10.12;
				MTL_ENABLE_DEBUG_INFO = YES;
				ONLY_ACTIVE_ARCH = YES;
				SDKROOT = macosx;
				SWIFT_ACTIVE_COMPILATION_CONDITIONS = DEBUG;
				SWIFT_OPTIMIZATION_LEVEL = "-Onone";
			};
			name = Debug;
		};
		8596A7702069B98400B36531 /* Release */ = {
			isa = XCBuildConfiguration;
			buildSettings = {
				ALWAYS_SEARCH_USER_PATHS = NO;
				CLANG_ANALYZER_NONNULL = YES;
				CLANG_ANALYZER_NUMBER_OBJECT_CONVERSION = YES_AGGRESSIVE;
				CLANG_CXX_LANGUAGE_STANDARD = "gnu++14";
				CLANG_CXX_LIBRARY = "libc++";
				CLANG_ENABLE_MODULES = YES;
				CLANG_ENABLE_OBJC_ARC = YES;
				CLANG_WARN_BLOCK_CAPTURE_AUTORELEASING = YES;
				CLANG_WARN_BOOL_CONVERSION = YES;
				CLANG_WARN_COMMA = YES;
				CLANG_WARN_CONSTANT_CONVERSION = YES;
				CLANG_WARN_DIRECT_OBJC_ISA_USAGE = YES_ERROR;
				CLANG_WARN_DOCUMENTATION_COMMENTS = YES;
				CLANG_WARN_EMPTY_BODY = YES;
				CLANG_WARN_ENUM_CONVERSION = YES;
				CLANG_WARN_INFINITE_RECURSION = YES;
				CLANG_WARN_INT_CONVERSION = YES;
				CLANG_WARN_NON_LITERAL_NULL_CONVERSION = YES;
				CLANG_WARN_OBJC_LITERAL_CONVERSION = YES;
				CLANG_WARN_OBJC_ROOT_CLASS = YES_ERROR;
				CLANG_WARN_RANGE_LOOP_ANALYSIS = YES;
				CLANG_WARN_STRICT_PROTOTYPES = YES;
				CLANG_WARN_SUSPICIOUS_MOVE = YES;
				CLANG_WARN_UNGUARDED_AVAILABILITY = YES_AGGRESSIVE;
				CLANG_WARN_UNREACHABLE_CODE = YES;
				CLANG_WARN__DUPLICATE_METHOD_MATCH = YES;
				CODE_SIGN_IDENTITY = "-";
				COPY_PHASE_STRIP = NO;
				DEBUG_INFORMATION_FORMAT = "dwarf-with-dsym";
				ENABLE_NS_ASSERTIONS = NO;
				ENABLE_STRICT_OBJC_MSGSEND = YES;
				GCC_C_LANGUAGE_STANDARD = gnu11;
				GCC_NO_COMMON_BLOCKS = YES;
				GCC_WARN_64_TO_32_BIT_CONVERSION = YES;
				GCC_WARN_ABOUT_RETURN_TYPE = YES_ERROR;
				GCC_WARN_UNDECLARED_SELECTOR = YES;
				GCC_WARN_UNINITIALIZED_AUTOS = YES_AGGRESSIVE;
				GCC_WARN_UNUSED_FUNCTION = YES;
				GCC_WARN_UNUSED_VARIABLE = YES;
				MACOSX_DEPLOYMENT_TARGET = 10.12;
				MTL_ENABLE_DEBUG_INFO = NO;
				SDKROOT = macosx;
				SWIFT_OPTIMIZATION_LEVEL = "-Owholemodule";
			};
			name = Release;
		};
		8596A7722069B98400B36531 /* Debug */ = {
			isa = XCBuildConfiguration;
			baseConfigurationReference = 54636AD32B18B8AA07CF0301 /* Pods-Testbed.debug.xcconfig */;
			buildSettings = {
				ASSETCATALOG_COMPILER_APPICON_NAME = AppIcon;
				CODE_SIGN_ENTITLEMENTS = Testbed/Testbed.entitlements;
				CODE_SIGN_STYLE = Automatic;
				COMBINE_HIDPI_IMAGES = YES;
				INFOPLIST_FILE = Testbed/Info.plist;
				LD_RUNPATH_SEARCH_PATHS = "$(inherited) @executable_path/../Frameworks";
				PRODUCT_BUNDLE_IDENTIFIER = griffin.Testbed;
				PRODUCT_NAME = "$(TARGET_NAME)";
				SWIFT_VERSION = 4.0;
			};
			name = Debug;
		};
		8596A7732069B98400B36531 /* Release */ = {
			isa = XCBuildConfiguration;
			baseConfigurationReference = 4457D1FF364495C00FBFCD2D /* Pods-Testbed.release.xcconfig */;
			buildSettings = {
				ASSETCATALOG_COMPILER_APPICON_NAME = AppIcon;
				CODE_SIGN_ENTITLEMENTS = Testbed/Testbed.entitlements;
				CODE_SIGN_STYLE = Automatic;
				COMBINE_HIDPI_IMAGES = YES;
				INFOPLIST_FILE = Testbed/Info.plist;
				LD_RUNPATH_SEARCH_PATHS = "$(inherited) @executable_path/../Frameworks";
				PRODUCT_BUNDLE_IDENTIFIER = griffin.Testbed;
				PRODUCT_NAME = "$(TARGET_NAME)";
				SWIFT_VERSION = 4.0;
			};
			name = Release;
		};
		8596A7752069B98400B36531 /* Debug */ = {
			isa = XCBuildConfiguration;
			buildSettings = {
				ALWAYS_EMBED_SWIFT_STANDARD_LIBRARIES = YES;
				BUNDLE_LOADER = "$(TEST_HOST)";
				CODE_SIGN_STYLE = Automatic;
				COMBINE_HIDPI_IMAGES = YES;
				INFOPLIST_FILE = TestbedTests/Info.plist;
				LD_RUNPATH_SEARCH_PATHS = "$(inherited) @executable_path/../Frameworks @loader_path/../Frameworks";
				PRODUCT_BUNDLE_IDENTIFIER = griffin.TestbedTests;
				PRODUCT_NAME = "$(TARGET_NAME)";
				SWIFT_VERSION = 4.0;
				TEST_HOST = "$(BUILT_PRODUCTS_DIR)/Testbed.app/Contents/MacOS/Testbed";
			};
			name = Debug;
		};
		8596A7762069B98400B36531 /* Release */ = {
			isa = XCBuildConfiguration;
			buildSettings = {
				ALWAYS_EMBED_SWIFT_STANDARD_LIBRARIES = YES;
				BUNDLE_LOADER = "$(TEST_HOST)";
				CODE_SIGN_STYLE = Automatic;
				COMBINE_HIDPI_IMAGES = YES;
				INFOPLIST_FILE = TestbedTests/Info.plist;
				LD_RUNPATH_SEARCH_PATHS = "$(inherited) @executable_path/../Frameworks @loader_path/../Frameworks";
				PRODUCT_BUNDLE_IDENTIFIER = griffin.TestbedTests;
				PRODUCT_NAME = "$(TARGET_NAME)";
				SWIFT_VERSION = 4.0;
				TEST_HOST = "$(BUILT_PRODUCTS_DIR)/Testbed.app/Contents/MacOS/Testbed";
			};
			name = Release;
		};
/* End XCBuildConfiguration section */

/* Begin XCConfigurationList section */
		8596A7532069B98300B36531 /* Build configuration list for PBXProject "Testbed" */ = {
			isa = XCConfigurationList;
			buildConfigurations = (
				8596A76F2069B98400B36531 /* Debug */,
				8596A7702069B98400B36531 /* Release */,
			);
			defaultConfigurationIsVisible = 0;
			defaultConfigurationName = Release;
		};
		8596A7712069B98400B36531 /* Build configuration list for PBXNativeTarget "Testbed" */ = {
			isa = XCConfigurationList;
			buildConfigurations = (
				8596A7722069B98400B36531 /* Debug */,
				8596A7732069B98400B36531 /* Release */,
			);
			defaultConfigurationIsVisible = 0;
			defaultConfigurationName = Release;
		};
		8596A7742069B98400B36531 /* Build configuration list for PBXNativeTarget "TestbedTests" */ = {
			isa = XCConfigurationList;
			buildConfigurations = (
				8596A7752069B98400B36531 /* Debug */,
				8596A7762069B98400B36531 /* Release */,
			);
			defaultConfigurationIsVisible = 0;
			defaultConfigurationName = Release;
		};
/* End XCConfigurationList section */
	};
	rootObject = 8596A7502069B98300B36531 /* Project object */;
}
